
Microsoft Visual Studio Solution File, Format Version 12.00
# Visual Studio Version 17
VisualStudioVersion = 17.1.32407.343
MinimumVisualStudioVersion = 10.0.40219.1
Project("{8BC9CEB8-8B4A-11D0-8D11-00A0C91BC942}") = "Sum", "Sum\Sum.vcxproj", "{FBAD0EDA-13DC-457C-A31B-4BC8899CBEDB}"
EndProject
Project("{8BC9CEB8-8B4A-11D0-8D11-00A0C91BC942}") = "Procedure", "Procedure\Procedure.vcxproj", "{D9C64FAB-AD6C-4A4D-A4B2-60C08F8D912D}"
EndProject
Project("{8BC9CEB8-8B4A-11D0-8D11-00A0C91BC942}") = "Loop", "Loop\Loop.vcxproj", "{C7B709F8-3819-409A-A78B-E8FC61B063C3}"
EndProject
Project("{8BC9CEB8-8B4A-11D0-8D11-00A0C91BC942}") = "Bitwise", "Bitwise\Bitwise.vcxproj", "{5EACC342-6F5C-4D65-9119-B5530EC62D50}"
EndProject
Global
	GlobalSection(SolutionConfigurationPlatforms) = preSolution
		Debug|x64 = Debug|x64
		Debug|x86 = Debug|x86
		Release|x64 = Release|x64
		Release|x86 = Release|x86
	EndGlobalSection
	GlobalSection(ProjectConfigurationPlatforms) = postSolution
		{FBAD0EDA-13DC-457C-A31B-4BC8899CBEDB}.Debug|x64.ActiveCfg = Debug|x64
		{FBAD0EDA-13DC-457C-A31B-4BC8899CBEDB}.Debug|x64.Build.0 = Debug|x64
		{FBAD0EDA-13DC-457C-A31B-4BC8899CBEDB}.Debug|x86.ActiveCfg = Debug|Win32
		{FBAD0EDA-13DC-457C-A31B-4BC8899CBEDB}.Debug|x86.Build.0 = Debug|Win32
		{FBAD0EDA-13DC-457C-A31B-4BC8899CBEDB}.Release|x64.ActiveCfg = Release|x64
		{FBAD0EDA-13DC-457C-A31B-4BC8899CBEDB}.Release|x64.Build.0 = Release|x64
		{FBAD0EDA-13DC-457C-A31B-4BC8899CBEDB}.Release|x86.ActiveCfg = Release|Win32
		{FBAD0EDA-13DC-457C-A31B-4BC8899CBEDB}.Release|x86.Build.0 = Release|Win32
		{D9C64FAB-AD6C-4A4D-A4B2-60C08F8D912D}.Debug|x64.ActiveCfg = Debug|x64
		{D9C64FAB-AD6C-4A4D-A4B2-60C08F8D912D}.Debug|x64.Build.0 = Debug|x64
		{D9C64FAB-AD6C-4A4D-A4B2-60C08F8D912D}.Debug|x86.ActiveCfg = Debug|Win32
		{D9C64FAB-AD6C-4A4D-A4B2-60C08F8D912D}.Debug|x86.Build.0 = Debug|Win32
		{D9C64FAB-AD6C-4A4D-A4B2-60C08F8D912D}.Release|x64.ActiveCfg = Release|x64
		{D9C64FAB-AD6C-4A4D-A4B2-60C08F8D912D}.Release|x64.Build.0 = Release|x64
		{D9C64FAB-AD6C-4A4D-A4B2-60C08F8D912D}.Release|x86.ActiveCfg = Release|Win32
		{D9C64FAB-AD6C-4A4D-A4B2-60C08F8D912D}.Release|x86.Build.0 = Release|Win32
		{C7B709F8-3819-409A-A78B-E8FC61B063C3}.Debug|x64.ActiveCfg = Debug|x64
		{C7B709F8-3819-409A-A78B-E8FC61B063C3}.Debug|x64.Build.0 = Debug|x64
		{C7B709F8-3819-409A-A78B-E8FC61B063C3}.Debug|x86.ActiveCfg = Debug|Win32
		{C7B709F8-3819-409A-A78B-E8FC61B063C3}.Debug|x86.Build.0 = Debug|Win32
		{C7B709F8-3819-409A-A78B-E8FC61B063C3}.Release|x64.ActiveCfg = Release|x64
		{C7B709F8-3819-409A-A78B-E8FC61B063C3}.Release|x64.Build.0 = Release|x64
		{C7B709F8-3819-409A-A78B-E8FC61B063C3}.Release|x86.ActiveCfg = Release|Win32
		{C7B709F8-3819-409A-A78B-E8FC61B063C3}.Release|x86.Build.0 = Release|Win32
		{5EACC342-6F5C-4D65-9119-B5530EC62D50}.Debug|x64.ActiveCfg = Debug|x64
		{5EACC342-6F5C-4D65-9119-B5530EC62D50}.Debug|x64.Build.0 = Debug|x64
		{5EACC342-6F5C-4D65-9119-B5530EC62D50}.Debug|x86.ActiveCfg = Debug|Win32
		{5EACC342-6F5C-4D65-9119-B5530EC62D50}.Debug|x86.Build.0 = Debug|Win32
		{5EACC342-6F5C-4D65-9119-B5530EC62D50}.Release|x64.ActiveCfg = Release|x64
		{5EACC342-6F5C-4D65-9119-B5530EC62D50}.Release|x64.Build.0 = Release|x64
		{5EACC342-6F5C-4D65-9119-B5530EC62D50}.Release|x86.ActiveCfg = Release|Win32
		{5EACC342-6F5C-4D65-9119-B5530EC62D50}.Release|x86.Build.0 = Release|Win32
	EndGlobalSection
	GlobalSection(SolutionProperties) = preSolution
		HideSolutionNode = FALSE
	EndGlobalSection
	GlobalSection(ExtensibilityGlobals) = postSolution
		SolutionGuid = {0F6A61EC-A207-40CD-8773-ED476D3F0939}
	EndGlobalSection
EndGlobal
